// !$*UTF8*$!
{
	archiveVersion = 1;
	classes = {
	};
	objectVersion = 56;
	objects = {

/* Begin PBXBuildFile section */
		4B553D792C4978BC0000B86D /* CommunityTabScreen.swift in Sources */ = {isa = PBXBuildFile; fileRef = 4B553D782C4978BC0000B86D /* CommunityTabScreen.swift */; };
		4B553D7B2C497D6A0000B86D /* ChannelTabScreen.swift in Sources */ = {isa = PBXBuildFile; fileRef = 4B553D7A2C497D6A0000B86D /* ChannelTabScreen.swift */; };
		4B553D7D2C4982D10000B86D /* ChannelItemView.swift in Sources */ = {isa = PBXBuildFile; fileRef = 4B553D7C2C4982D10000B86D /* ChannelItemView.swift */; };
		4B553D7F2C4AA2DB0000B86D /* SettingsTabScreen.swift in Sources */ = {isa = PBXBuildFile; fileRef = 4B553D7E2C4AA2DB0000B86D /* SettingsTabScreen.swift */; };
		4B553D812C4AA3950000B86D /* SettingsItemView.swift in Sources */ = {isa = PBXBuildFile; fileRef = 4B553D802C4AA3950000B86D /* SettingsItemView.swift */; };
		4B553D842C4AA43C0000B86D /* SettingsItem.swift in Sources */ = {isa = PBXBuildFile; fileRef = 4B553D832C4AA43C0000B86D /* SettingsItem.swift */; };
		4B553D882C4AE6550000B86D /* ChatRoomScreen.swift in Sources */ = {isa = PBXBuildFile; fileRef = 4B553D872C4AE6550000B86D /* ChatRoomScreen.swift */; };
		4B553D8A2C4AE8510000B86D /* TextInputArea.swift in Sources */ = {isa = PBXBuildFile; fileRef = 4B553D892C4AE8510000B86D /* TextInputArea.swift */; };
		4B553D8C2C4C05980000B86D /* MessageListController.swift in Sources */ = {isa = PBXBuildFile; fileRef = 4B553D8B2C4C05980000B86D /* MessageListController.swift */; };
		4B553D8E2C4C097E0000B86D /* MessageListView.swift in Sources */ = {isa = PBXBuildFile; fileRef = 4B553D8D2C4C097E0000B86D /* MessageListView.swift */; };
		4B553D912C4C0D1A0000B86D /* MessageItem.swift in Sources */ = {isa = PBXBuildFile; fileRef = 4B553D902C4C0D1A0000B86D /* MessageItem.swift */; };
		4B553D932C4C0E010000B86D /* BubbleTextView.swift in Sources */ = {isa = PBXBuildFile; fileRef = 4B553D922C4C0E010000B86D /* BubbleTextView.swift */; };
		4B553D952C4C0EC00000B86D /* BubbleTailView.swift in Sources */ = {isa = PBXBuildFile; fileRef = 4B553D942C4C0EC00000B86D /* BubbleTailView.swift */; };
		4B553D982C4C10850000B86D /* CustomModifiers.swift in Sources */ = {isa = PBXBuildFile; fileRef = 4B553D972C4C10850000B86D /* CustomModifiers.swift */; };
		4B553D9A2C4C3C7B0000B86D /* BubbleImageView.swift in Sources */ = {isa = PBXBuildFile; fileRef = 4B553D992C4C3C7B0000B86D /* BubbleImageView.swift */; };
		4B86659B2C483422001E9BE0 /* WhatsAppCloneApp.swift in Sources */ = {isa = PBXBuildFile; fileRef = 4B86659A2C483422001E9BE0 /* WhatsAppCloneApp.swift */; };
		4B86659F2C483423001E9BE0 /* Assets.xcassets in Resources */ = {isa = PBXBuildFile; fileRef = 4B86659E2C483423001E9BE0 /* Assets.xcassets */; };
		4B8665A22C483423001E9BE0 /* Preview Assets.xcassets in Resources */ = {isa = PBXBuildFile; fileRef = 4B8665A12C483423001E9BE0 /* Preview Assets.xcassets */; };
		4B8665A92C483A9A001E9BE0 /* MainTabView.swift in Sources */ = {isa = PBXBuildFile; fileRef = 4B8665A82C483A9A001E9BE0 /* MainTabView.swift */; };
		4B8665AD2C4953AE001E9BE0 /* UpdatesTabScreen.swift in Sources */ = {isa = PBXBuildFile; fileRef = 4B8665AC2C4953AE001E9BE0 /* UpdatesTabScreen.swift */; };
		4B8665AF2C496A80001E9BE0 /* CallsTabScreen.swift in Sources */ = {isa = PBXBuildFile; fileRef = 4B8665AE2C496A80001E9BE0 /* CallsTabScreen.swift */; };
/* End PBXBuildFile section */

/* Begin PBXFileReference section */
		4B553D782C4978BC0000B86D /* CommunityTabScreen.swift */ = {isa = PBXFileReference; lastKnownFileType = sourcecode.swift; path = CommunityTabScreen.swift; sourceTree = "<group>"; };
		4B553D7A2C497D6A0000B86D /* ChannelTabScreen.swift */ = {isa = PBXFileReference; lastKnownFileType = sourcecode.swift; path = ChannelTabScreen.swift; sourceTree = "<group>"; };
		4B553D7C2C4982D10000B86D /* ChannelItemView.swift */ = {isa = PBXFileReference; lastKnownFileType = sourcecode.swift; path = ChannelItemView.swift; sourceTree = "<group>"; };
		4B553D7E2C4AA2DB0000B86D /* SettingsTabScreen.swift */ = {isa = PBXFileReference; lastKnownFileType = sourcecode.swift; path = SettingsTabScreen.swift; sourceTree = "<group>"; };
		4B553D802C4AA3950000B86D /* SettingsItemView.swift */ = {isa = PBXFileReference; lastKnownFileType = sourcecode.swift; path = SettingsItemView.swift; sourceTree = "<group>"; };
		4B553D832C4AA43C0000B86D /* SettingsItem.swift */ = {isa = PBXFileReference; lastKnownFileType = sourcecode.swift; path = SettingsItem.swift; sourceTree = "<group>"; };
		4B553D872C4AE6550000B86D /* ChatRoomScreen.swift */ = {isa = PBXFileReference; lastKnownFileType = sourcecode.swift; path = ChatRoomScreen.swift; sourceTree = "<group>"; };
		4B553D892C4AE8510000B86D /* TextInputArea.swift */ = {isa = PBXFileReference; lastKnownFileType = sourcecode.swift; path = TextInputArea.swift; sourceTree = "<group>"; };
		4B553D8B2C4C05980000B86D /* MessageListController.swift */ = {isa = PBXFileReference; lastKnownFileType = sourcecode.swift; path = MessageListController.swift; sourceTree = "<group>"; };
		4B553D8D2C4C097E0000B86D /* MessageListView.swift */ = {isa = PBXFileReference; lastKnownFileType = sourcecode.swift; path = MessageListView.swift; sourceTree = "<group>"; };
		4B553D902C4C0D1A0000B86D /* MessageItem.swift */ = {isa = PBXFileReference; lastKnownFileType = sourcecode.swift; path = MessageItem.swift; sourceTree = "<group>"; };
		4B553D922C4C0E010000B86D /* BubbleTextView.swift */ = {isa = PBXFileReference; lastKnownFileType = sourcecode.swift; path = BubbleTextView.swift; sourceTree = "<group>"; };
		4B553D942C4C0EC00000B86D /* BubbleTailView.swift */ = {isa = PBXFileReference; lastKnownFileType = sourcecode.swift; path = BubbleTailView.swift; sourceTree = "<group>"; };
		4B553D972C4C10850000B86D /* CustomModifiers.swift */ = {isa = PBXFileReference; lastKnownFileType = sourcecode.swift; path = CustomModifiers.swift; sourceTree = "<group>"; };
		4B553D992C4C3C7B0000B86D /* BubbleImageView.swift */ = {isa = PBXFileReference; lastKnownFileType = sourcecode.swift; path = BubbleImageView.swift; sourceTree = "<group>"; };
		4B8665972C483422001E9BE0 /* WhatsAppClone.app */ = {isa = PBXFileReference; explicitFileType = wrapper.application; includeInIndex = 0; path = WhatsAppClone.app; sourceTree = BUILT_PRODUCTS_DIR; };
		4B86659A2C483422001E9BE0 /* WhatsAppCloneApp.swift */ = {isa = PBXFileReference; lastKnownFileType = sourcecode.swift; path = WhatsAppCloneApp.swift; sourceTree = "<group>"; };
		4B86659E2C483423001E9BE0 /* Assets.xcassets */ = {isa = PBXFileReference; lastKnownFileType = folder.assetcatalog; path = Assets.xcassets; sourceTree = "<group>"; };
		4B8665A12C483423001E9BE0 /* Preview Assets.xcassets */ = {isa = PBXFileReference; lastKnownFileType = folder.assetcatalog; path = "Preview Assets.xcassets"; sourceTree = "<group>"; };
		4B8665A82C483A9A001E9BE0 /* MainTabView.swift */ = {isa = PBXFileReference; lastKnownFileType = sourcecode.swift; path = MainTabView.swift; sourceTree = "<group>"; };
		4B8665AC2C4953AE001E9BE0 /* UpdatesTabScreen.swift */ = {isa = PBXFileReference; lastKnownFileType = sourcecode.swift; path = UpdatesTabScreen.swift; sourceTree = "<group>"; };
		4B8665AE2C496A80001E9BE0 /* CallsTabScreen.swift */ = {isa = PBXFileReference; lastKnownFileType = sourcecode.swift; path = CallsTabScreen.swift; sourceTree = "<group>"; };
/* End PBXFileReference section */

/* Begin PBXFrameworksBuildPhase section */
		4B8665942C483422001E9BE0 /* Frameworks */ = {
			isa = PBXFrameworksBuildPhase;
			buildActionMask = 2147483647;
			files = (
			);
			runOnlyForDeploymentPostprocessing = 0;
		};
/* End PBXFrameworksBuildPhase section */

/* Begin PBXGroup section */
		4B553D732C49784A0000B86D /* Views */ = {
			isa = PBXGroup;
			children = (
				4B553D782C4978BC0000B86D /* CommunityTabScreen.swift */,
			);
			path = Views;
			sourceTree = "<group>";
		};
		4B553D742C4978540000B86D /* Channel */ = {
			isa = PBXGroup;
			children = (
				4B553D752C49785A0000B86D /* Views */,
			);
			path = Channel;
			sourceTree = "<group>";
		};
		4B553D752C49785A0000B86D /* Views */ = {
			isa = PBXGroup;
			children = (
				4B553D7A2C497D6A0000B86D /* ChannelTabScreen.swift */,
				4B553D7C2C4982D10000B86D /* ChannelItemView.swift */,
			);
			path = Views;
			sourceTree = "<group>";
		};
		4B553D762C4978660000B86D /* Settings */ = {
			isa = PBXGroup;
			children = (
				4B553D822C4AA42C0000B86D /* Models */,
				4B553D772C49786C0000B86D /* Views */,
			);
			path = Settings;
			sourceTree = "<group>";
		};
		4B553D772C49786C0000B86D /* Views */ = {
			isa = PBXGroup;
			children = (
				4B553D7E2C4AA2DB0000B86D /* SettingsTabScreen.swift */,
				4B553D802C4AA3950000B86D /* SettingsItemView.swift */,
			);
			path = Views;
			sourceTree = "<group>";
		};
		4B553D822C4AA42C0000B86D /* Models */ = {
			isa = PBXGroup;
			children = (
				4B553D832C4AA43C0000B86D /* SettingsItem.swift */,
			);
			path = Models;
			sourceTree = "<group>";
		};
		4B553D852C4AE6400000B86D /* Chat */ = {
			isa = PBXGroup;
			children = (
				4B553D8F2C4C0D0D0000B86D /* Models */,
				4B553D862C4AE6470000B86D /* Views */,
			);
			path = Chat;
			sourceTree = "<group>";
		};
		4B553D862C4AE6470000B86D /* Views */ = {
			isa = PBXGroup;
			children = (
				4B553D872C4AE6550000B86D /* ChatRoomScreen.swift */,
				4B553D892C4AE8510000B86D /* TextInputArea.swift */,
				4B553D8B2C4C05980000B86D /* MessageListController.swift */,
				4B553D8D2C4C097E0000B86D /* MessageListView.swift */,
				4B553D922C4C0E010000B86D /* BubbleTextView.swift */,
				4B553D942C4C0EC00000B86D /* BubbleTailView.swift */,
				4B553D992C4C3C7B0000B86D /* BubbleImageView.swift */,
			);
			path = Views;
			sourceTree = "<group>";
		};
		4B553D8F2C4C0D0D0000B86D /* Models */ = {
			isa = PBXGroup;
			children = (
				4B553D902C4C0D1A0000B86D /* MessageItem.swift */,
			);
			path = Models;
			sourceTree = "<group>";
		};
		4B553D962C4C105C0000B86D /* Helpers */ = {
			isa = PBXGroup;
			children = (
				4B553D972C4C10850000B86D /* CustomModifiers.swift */,
			);
			path = Helpers;
			sourceTree = "<group>";
		};
		4B86658E2C483422001E9BE0 = {
			isa = PBXGroup;
			children = (
				4B8665992C483422001E9BE0 /* WhatsAppClone */,
				4B8665982C483422001E9BE0 /* Products */,
			);
			sourceTree = "<group>";
		};
		4B8665982C483422001E9BE0 /* Products */ = {
			isa = PBXGroup;
			children = (
				4B8665972C483422001E9BE0 /* WhatsAppClone.app */,
			);
			name = Products;
			sourceTree = "<group>";
		};
		4B8665992C483422001E9BE0 /* WhatsAppClone */ = {
			isa = PBXGroup;
			children = (
				4B553D962C4C105C0000B86D /* Helpers */,
				4B8665B02C497789001E9BE0 /* Screens */,
				4B86659A2C483422001E9BE0 /* WhatsAppCloneApp.swift */,
				4B86659E2C483423001E9BE0 /* Assets.xcassets */,
				4B8665A02C483423001E9BE0 /* Preview Content */,
				4B8665A82C483A9A001E9BE0 /* MainTabView.swift */,
			);
			path = WhatsAppClone;
			sourceTree = "<group>";
		};
		4B8665A02C483423001E9BE0 /* Preview Content */ = {
			isa = PBXGroup;
			children = (
				4B8665A12C483423001E9BE0 /* Preview Assets.xcassets */,
			);
			path = "Preview Content";
			sourceTree = "<group>";
		};
		4B8665B02C497789001E9BE0 /* Screens */ = {
			isa = PBXGroup;
			children = (
				4B553D852C4AE6400000B86D /* Chat */,
				4B553D762C4978660000B86D /* Settings */,
				4B553D742C4978540000B86D /* Channel */,
				4B8665B52C4977ED001E9BE0 /* Communities */,
				4B8665B32C4977C8001E9BE0 /* Calls */,
				4B8665B12C497793001E9BE0 /* Updates */,
			);
			path = Screens;
			sourceTree = "<group>";
		};
		4B8665B12C497793001E9BE0 /* Updates */ = {
			isa = PBXGroup;
			children = (
				4B8665B22C4977B1001E9BE0 /* Views */,
			);
			path = Updates;
			sourceTree = "<group>";
		};
		4B8665B22C4977B1001E9BE0 /* Views */ = {
			isa = PBXGroup;
			children = (
				4B8665AC2C4953AE001E9BE0 /* UpdatesTabScreen.swift */,
			);
			path = Views;
			sourceTree = "<group>";
		};
		4B8665B32C4977C8001E9BE0 /* Calls */ = {
			isa = PBXGroup;
			children = (
				4B8665B42C4977CD001E9BE0 /* Views */,
			);
			path = Calls;
			sourceTree = "<group>";
		};
		4B8665B42C4977CD001E9BE0 /* Views */ = {
			isa = PBXGroup;
			children = (
				4B8665AE2C496A80001E9BE0 /* CallsTabScreen.swift */,
			);
			path = Views;
			sourceTree = "<group>";
		};
		4B8665B52C4977ED001E9BE0 /* Communities */ = {
			isa = PBXGroup;
			children = (
				4B553D732C49784A0000B86D /* Views */,
			);
			path = Communities;
			sourceTree = "<group>";
		};
/* End PBXGroup section */

/* Begin PBXNativeTarget section */
		4B8665962C483422001E9BE0 /* WhatsAppClone */ = {
			isa = PBXNativeTarget;
			buildConfigurationList = 4B8665A52C483423001E9BE0 /* Build configuration list for PBXNativeTarget "WhatsAppClone" */;
			buildPhases = (
				4B8665932C483422001E9BE0 /* Sources */,
				4B8665942C483422001E9BE0 /* Frameworks */,
				4B8665952C483422001E9BE0 /* Resources */,
			);
			buildRules = (
			);
			dependencies = (
			);
			name = WhatsAppClone;
			productName = WhatsAppClone;
			productReference = 4B8665972C483422001E9BE0 /* WhatsAppClone.app */;
			productType = "com.apple.product-type.application";
		};
/* End PBXNativeTarget section */

/* Begin PBXProject section */
		4B86658F2C483422001E9BE0 /* Project object */ = {
			isa = PBXProject;
			attributes = {
				BuildIndependentTargetsInParallel = 1;
				LastSwiftUpdateCheck = 1540;
				LastUpgradeCheck = 1540;
				TargetAttributes = {
					4B8665962C483422001E9BE0 = {
						CreatedOnToolsVersion = 15.4;
					};
				};
			};
			buildConfigurationList = 4B8665922C483422001E9BE0 /* Build configuration list for PBXProject "WhatsAppClone" */;
			compatibilityVersion = "Xcode 14.0";
			developmentRegion = en;
			hasScannedForEncodings = 0;
			knownRegions = (
				en,
				Base,
			);
			mainGroup = 4B86658E2C483422001E9BE0;
			productRefGroup = 4B8665982C483422001E9BE0 /* Products */;
			projectDirPath = "";
			projectRoot = "";
			targets = (
				4B8665962C483422001E9BE0 /* WhatsAppClone */,
			);
		};
/* End PBXProject section */

/* Begin PBXResourcesBuildPhase section */
		4B8665952C483422001E9BE0 /* Resources */ = {
			isa = PBXResourcesBuildPhase;
			buildActionMask = 2147483647;
			files = (
				4B8665A22C483423001E9BE0 /* Preview Assets.xcassets in Resources */,
				4B86659F2C483423001E9BE0 /* Assets.xcassets in Resources */,
			);
			runOnlyForDeploymentPostprocessing = 0;
		};
/* End PBXResourcesBuildPhase section */

/* Begin PBXSourcesBuildPhase section */
		4B8665932C483422001E9BE0 /* Sources */ = {
			isa = PBXSourcesBuildPhase;
			buildActionMask = 2147483647;
			files = (
				4B8665AD2C4953AE001E9BE0 /* UpdatesTabScreen.swift in Sources */,
				4B8665AF2C496A80001E9BE0 /* CallsTabScreen.swift in Sources */,
				4B553D7F2C4AA2DB0000B86D /* SettingsTabScreen.swift in Sources */,
				4B553D792C4978BC0000B86D /* CommunityTabScreen.swift in Sources */,
				4B553D8C2C4C05980000B86D /* MessageListController.swift in Sources */,
				4B553D8A2C4AE8510000B86D /* TextInputArea.swift in Sources */,
				4B553D952C4C0EC00000B86D /* BubbleTailView.swift in Sources */,
				4B553D7B2C497D6A0000B86D /* ChannelTabScreen.swift in Sources */,
				4B86659B2C483422001E9BE0 /* WhatsAppCloneApp.swift in Sources */,
				4B553D9A2C4C3C7B0000B86D /* BubbleImageView.swift in Sources */,
				4B553D8E2C4C097E0000B86D /* MessageListView.swift in Sources */,
				4B553D882C4AE6550000B86D /* ChatRoomScreen.swift in Sources */,
				4B553D812C4AA3950000B86D /* SettingsItemView.swift in Sources */,
				4B553D932C4C0E010000B86D /* BubbleTextView.swift in Sources */,
				4B553D912C4C0D1A0000B86D /* MessageItem.swift in Sources */,
				4B553D7D2C4982D10000B86D /* ChannelItemView.swift in Sources */,
				4B553D982C4C10850000B86D /* CustomModifiers.swift in Sources */,
				4B8665A92C483A9A001E9BE0 /* MainTabView.swift in Sources */,
				4B553D842C4AA43C0000B86D /* SettingsItem.swift in Sources */,
			);
			runOnlyForDeploymentPostprocessing = 0;
		};
/* End PBXSourcesBuildPhase section */

/* Begin XCBuildConfiguration section */
		4B8665A32C483423001E9BE0 /* Debug */ = {
			isa = XCBuildConfiguration;
			buildSettings = {
				ALWAYS_SEARCH_USER_PATHS = NO;
				ASSETCATALOG_COMPILER_GENERATE_SWIFT_ASSET_SYMBOL_EXTENSIONS = YES;
				CLANG_ANALYZER_NONNULL = YES;
				CLANG_ANALYZER_NUMBER_OBJECT_CONVERSION = YES_AGGRESSIVE;
				CLANG_CXX_LANGUAGE_STANDARD = "gnu++20";
				CLANG_ENABLE_MODULES = YES;
				CLANG_ENABLE_OBJC_ARC = YES;
				CLANG_ENABLE_OBJC_WEAK = YES;
				CLANG_WARN_BLOCK_CAPTURE_AUTORELEASING = YES;
				CLANG_WARN_BOOL_CONVERSION = YES;
				CLANG_WARN_COMMA = YES;
				CLANG_WARN_CONSTANT_CONVERSION = YES;
				CLANG_WARN_DEPRECATED_OBJC_IMPLEMENTATIONS = YES;
				CLANG_WARN_DIRECT_OBJC_ISA_USAGE = YES_ERROR;
				CLANG_WARN_DOCUMENTATION_COMMENTS = YES;
				CLANG_WARN_EMPTY_BODY = YES;
				CLANG_WARN_ENUM_CONVERSION = YES;
				CLANG_WARN_INFINITE_RECURSION = YES;
				CLANG_WARN_INT_CONVERSION = YES;
				CLANG_WARN_NON_LITERAL_NULL_CONVERSION = YES;
				CLANG_WARN_OBJC_IMPLICIT_RETAIN_SELF = YES;
				CLANG_WARN_OBJC_LITERAL_CONVERSION = YES;
				CLANG_WARN_OBJC_ROOT_CLASS = YES_ERROR;
				CLANG_WARN_QUOTED_INCLUDE_IN_FRAMEWORK_HEADER = YES;
				CLANG_WARN_RANGE_LOOP_ANALYSIS = YES;
				CLANG_WARN_STRICT_PROTOTYPES = YES;
				CLANG_WARN_SUSPICIOUS_MOVE = YES;
				CLANG_WARN_UNGUARDED_AVAILABILITY = YES_AGGRESSIVE;
				CLANG_WARN_UNREACHABLE_CODE = YES;
				CLANG_WARN__DUPLICATE_METHOD_MATCH = YES;
				COPY_PHASE_STRIP = NO;
				DEBUG_INFORMATION_FORMAT = dwarf;
				ENABLE_STRICT_OBJC_MSGSEND = YES;
				ENABLE_TESTABILITY = YES;
				ENABLE_USER_SCRIPT_SANDBOXING = YES;
				GCC_C_LANGUAGE_STANDARD = gnu17;
				GCC_DYNAMIC_NO_PIC = NO;
				GCC_NO_COMMON_BLOCKS = YES;
				GCC_OPTIMIZATION_LEVEL = 0;
				GCC_PREPROCESSOR_DEFINITIONS = (
					"DEBUG=1",
					"$(inherited)",
				);
				GCC_WARN_64_TO_32_BIT_CONVERSION = YES;
				GCC_WARN_ABOUT_RETURN_TYPE = YES_ERROR;
				GCC_WARN_UNDECLARED_SELECTOR = YES;
				GCC_WARN_UNINITIALIZED_AUTOS = YES_AGGRESSIVE;
				GCC_WARN_UNUSED_FUNCTION = YES;
				GCC_WARN_UNUSED_VARIABLE = YES;
				IPHONEOS_DEPLOYMENT_TARGET = 17.5;
				LOCALIZATION_PREFERS_STRING_CATALOGS = YES;
				MTL_ENABLE_DEBUG_INFO = INCLUDE_SOURCE;
				MTL_FAST_MATH = YES;
				ONLY_ACTIVE_ARCH = YES;
				SDKROOT = iphoneos;
				SWIFT_ACTIVE_COMPILATION_CONDITIONS = "DEBUG $(inherited)";
				SWIFT_OPTIMIZATION_LEVEL = "-Onone";
			};
			name = Debug;
		};
		4B8665A42C483423001E9BE0 /* Release */ = {
			isa = XCBuildConfiguration;
			buildSettings = {
				ALWAYS_SEARCH_USER_PATHS = NO;
				ASSETCATALOG_COMPILER_GENERATE_SWIFT_ASSET_SYMBOL_EXTENSIONS = YES;
				CLANG_ANALYZER_NONNULL = YES;
				CLANG_ANALYZER_NUMBER_OBJECT_CONVERSION = YES_AGGRESSIVE;
				CLANG_CXX_LANGUAGE_STANDARD = "gnu++20";
				CLANG_ENABLE_MODULES = YES;
				CLANG_ENABLE_OBJC_ARC = YES;
				CLANG_ENABLE_OBJC_WEAK = YES;
				CLANG_WARN_BLOCK_CAPTURE_AUTORELEASING = YES;
				CLANG_WARN_BOOL_CONVERSION = YES;
				CLANG_WARN_COMMA = YES;
				CLANG_WARN_CONSTANT_CONVERSION = YES;
				CLANG_WARN_DEPRECATED_OBJC_IMPLEMENTATIONS = YES;
				CLANG_WARN_DIRECT_OBJC_ISA_USAGE = YES_ERROR;
				CLANG_WARN_DOCUMENTATION_COMMENTS = YES;
				CLANG_WARN_EMPTY_BODY = YES;
				CLANG_WARN_ENUM_CONVERSION = YES;
				CLANG_WARN_INFINITE_RECURSION = YES;
				CLANG_WARN_INT_CONVERSION = YES;
				CLANG_WARN_NON_LITERAL_NULL_CONVERSION = YES;
				CLANG_WARN_OBJC_IMPLICIT_RETAIN_SELF = YES;
				CLANG_WARN_OBJC_LITERAL_CONVERSION = YES;
				CLANG_WARN_OBJC_ROOT_CLASS = YES_ERROR;
				CLANG_WARN_QUOTED_INCLUDE_IN_FRAMEWORK_HEADER = YES;
				CLANG_WARN_RANGE_LOOP_ANALYSIS = YES;
				CLANG_WARN_STRICT_PROTOTYPES = YES;
				CLANG_WARN_SUSPICIOUS_MOVE = YES;
				CLANG_WARN_UNGUARDED_AVAILABILITY = YES_AGGRESSIVE;
				CLANG_WARN_UNREACHABLE_CODE = YES;
				CLANG_WARN__DUPLICATE_METHOD_MATCH = YES;
				COPY_PHASE_STRIP = NO;
				DEBUG_INFORMATION_FORMAT = "dwarf-with-dsym";
				ENABLE_NS_ASSERTIONS = NO;
				ENABLE_STRICT_OBJC_MSGSEND = YES;
				ENABLE_USER_SCRIPT_SANDBOXING = YES;
				GCC_C_LANGUAGE_STANDARD = gnu17;
				GCC_NO_COMMON_BLOCKS = YES;
				GCC_WARN_64_TO_32_BIT_CONVERSION = YES;
				GCC_WARN_ABOUT_RETURN_TYPE = YES_ERROR;
				GCC_WARN_UNDECLARED_SELECTOR = YES;
				GCC_WARN_UNINITIALIZED_AUTOS = YES_AGGRESSIVE;
				GCC_WARN_UNUSED_FUNCTION = YES;
				GCC_WARN_UNUSED_VARIABLE = YES;
				IPHONEOS_DEPLOYMENT_TARGET = 17.5;
				LOCALIZATION_PREFERS_STRING_CATALOGS = YES;
				MTL_ENABLE_DEBUG_INFO = NO;
				MTL_FAST_MATH = YES;
				SDKROOT = iphoneos;
				SWIFT_COMPILATION_MODE = wholemodule;
				VALIDATE_PRODUCT = YES;
			};
			name = Release;
		};
		4B8665A62C483423001E9BE0 /* Debug */ = {
			isa = XCBuildConfiguration;
			buildSettings = {
				ASSETCATALOG_COMPILER_APPICON_NAME = AppIcon1;
				ASSETCATALOG_COMPILER_GLOBAL_ACCENT_COLOR_NAME = AccentColor;
				ASSETCATALOG_COMPILER_INCLUDE_ALL_APPICON_ASSETS = YES;
				CODE_SIGN_STYLE = Automatic;
				CURRENT_PROJECT_VERSION = 1;
				DEVELOPMENT_ASSET_PATHS = "\"WhatsAppClone/Preview Content\"";
				DEVELOPMENT_TEAM = QT3T249ZHN;
				ENABLE_PREVIEWS = YES;
				GENERATE_INFOPLIST_FILE = YES;
				INFOPLIST_KEY_UIApplicationSceneManifest_Generation = YES;
				INFOPLIST_KEY_UIApplicationSupportsIndirectInputEvents = YES;
				INFOPLIST_KEY_UILaunchScreen_Generation = YES;
				INFOPLIST_KEY_UISupportedInterfaceOrientations_iPad = "UIInterfaceOrientationPortrait UIInterfaceOrientationPortraitUpsideDown UIInterfaceOrientationLandscapeLeft UIInterfaceOrientationLandscapeRight";
				INFOPLIST_KEY_UISupportedInterfaceOrientations_iPhone = "UIInterfaceOrientationPortrait UIInterfaceOrientationLandscapeLeft UIInterfaceOrientationLandscapeRight";
				LD_RUNPATH_SEARCH_PATHS = (
					"$(inherited)",
					"@executable_path/Frameworks",
				);
				MARKETING_VERSION = 1.0;
				PRODUCT_BUNDLE_IDENTIFIER = com.mavrodimakis.WhatsAppClone;
				PRODUCT_NAME = "$(TARGET_NAME)";
				SUPPORTED_PLATFORMS = "iphoneos iphonesimulator";
				SUPPORTS_MACCATALYST = NO;
				SUPPORTS_MAC_DESIGNED_FOR_IPHONE_IPAD = NO;
				SUPPORTS_XR_DESIGNED_FOR_IPHONE_IPAD = NO;
				SWIFT_EMIT_LOC_STRINGS = YES;
				SWIFT_VERSION = 5.0;
				TARGETED_DEVICE_FAMILY = 1;
			};
			name = Debug;
		};
		4B8665A72C483423001E9BE0 /* Release */ = {
			isa = XCBuildConfiguration;
			buildSettings = {
				ASSETCATALOG_COMPILER_APPICON_NAME = AppIcon1;
				ASSETCATALOG_COMPILER_GLOBAL_ACCENT_COLOR_NAME = AccentColor;
				ASSETCATALOG_COMPILER_INCLUDE_ALL_APPICON_ASSETS = YES;
				CODE_SIGN_STYLE = Automatic;
				CURRENT_PROJECT_VERSION = 1;
				DEVELOPMENT_ASSET_PATHS = "\"WhatsAppClone/Preview Content\"";
				DEVELOPMENT_TEAM = QT3T249ZHN;
				ENABLE_PREVIEWS = YES;
				GENERATE_INFOPLIST_FILE = YES;
				INFOPLIST_KEY_UIApplicationSceneManifest_Generation = YES;
				INFOPLIST_KEY_UIApplicationSupportsIndirectInputEvents = YES;
				INFOPLIST_KEY_UILaunchScreen_Generation = YES;
				INFOPLIST_KEY_UISupportedInterfaceOrientations_iPad = "UIInterfaceOrientationPortrait UIInterfaceOrientationPortraitUpsideDown UIInterfaceOrientationLandscapeLeft UIInterfaceOrientationLandscapeRight";
				INFOPLIST_KEY_UISupportedInterfaceOrientations_iPhone = "UIInterfaceOrientationPortrait UIInterfaceOrientationLandscapeLeft UIInterfaceOrientationLandscapeRight";
				LD_RUNPATH_SEARCH_PATHS = (
					"$(inherited)",
					"@executable_path/Frameworks",
				);
				MARKETING_VERSION = 1.0;
				PRODUCT_BUNDLE_IDENTIFIER = com.mavrodimakis.WhatsAppClone;
				PRODUCT_NAME = "$(TARGET_NAME)";
				SUPPORTED_PLATFORMS = "iphoneos iphonesimulator";
				SUPPORTS_MACCATALYST = NO;
				SUPPORTS_MAC_DESIGNED_FOR_IPHONE_IPAD = NO;
				SUPPORTS_XR_DESIGNED_FOR_IPHONE_IPAD = NO;
				SWIFT_EMIT_LOC_STRINGS = YES;
				SWIFT_VERSION = 5.0;
				TARGETED_DEVICE_FAMILY = 1;
			};
			name = Release;
		};
/* End XCBuildConfiguration section */

/* Begin XCConfigurationList section */
		4B8665922C483422001E9BE0 /* Build configuration list for PBXProject "WhatsAppClone" */ = {
			isa = XCConfigurationList;
			buildConfigurations = (
				4B8665A32C483423001E9BE0 /* Debug */,
				4B8665A42C483423001E9BE0 /* Release */,
			);
			defaultConfigurationIsVisible = 0;
			defaultConfigurationName = Release;
		};
		4B8665A52C483423001E9BE0 /* Build configuration list for PBXNativeTarget "WhatsAppClone" */ = {
			isa = XCConfigurationList;
			buildConfigurations = (
				4B8665A62C483423001E9BE0 /* Debug */,
				4B8665A72C483423001E9BE0 /* Release */,
			);
			defaultConfigurationIsVisible = 0;
			defaultConfigurationName = Release;
		};
/* End XCConfigurationList section */
	};
	rootObject = 4B86658F2C483422001E9BE0 /* Project object */;
}
